// !$*UTF8*$!
{
	archiveVersion = 1;
	classes = {
	};
	objectVersion = 46;
	objects = {

/* Begin PBXBuildFile section */
		102738251C7E358A0025E190 /* Drip.h in Headers */ = {isa = PBXBuildFile; fileRef = 102738241C7E358A0025E190 /* Drip.h */; settings = {ATTRIBUTES = (Public, ); }; };
		102738361C7E35BF0025E190 /* FactoryType.swift in Sources */ = {isa = PBXBuildFile; fileRef = 1027382E1C7E35BF0025E190 /* FactoryType.swift */; };
		102738381C7E35BF0025E190 /* Key.swift in Sources */ = {isa = PBXBuildFile; fileRef = 102738301C7E35BF0025E190 /* Key.swift */; };
		102738391C7E35BF0025E190 /* ModuleType.swift in Sources */ = {isa = PBXBuildFile; fileRef = 102738311C7E35BF0025E190 /* ModuleType.swift */; };
		1027383A1C7E35BF0025E190 /* Single.swift in Sources */ = {isa = PBXBuildFile; fileRef = 102738321C7E35BF0025E190 /* Single.swift */; };
		1027383B1C7E35BF0025E190 /* Transient.swift in Sources */ = {isa = PBXBuildFile; fileRef = 102738331C7E35BF0025E190 /* Transient.swift */; };
		102E9D821C7F6EE700CD7C7E /* ComponentType.swift in Sources */ = {isa = PBXBuildFile; fileRef = 102E9D811C7F6EE700CD7C7E /* ComponentType.swift */; };
		102E9D8B1C7F8CEB00CD7C7E /* Registry.swift in Sources */ = {isa = PBXBuildFile; fileRef = 102E9D8A1C7F8CEB00CD7C7E /* Registry.swift */; };
		1070760D1C7FA4960068069B /* Registrar.swift in Sources */ = {isa = PBXBuildFile; fileRef = 1070760C1C7FA4960068069B /* Registrar.swift */; };
		1070760F1C7FB5840068069B /* Component.swift in Sources */ = {isa = PBXBuildFile; fileRef = 1070760E1C7FB5840068069B /* Component.swift */; };
		107076111C7FB6D00068069B /* Module.swift in Sources */ = {isa = PBXBuildFile; fileRef = 107076101C7FB6D00068069B /* Module.swift */; };
/* End PBXBuildFile section */

/* Begin PBXFileReference section */
		102738211C7E358A0025E190 /* Drip.framework */ = {isa = PBXFileReference; explicitFileType = wrapper.framework; includeInIndex = 0; path = Drip.framework; sourceTree = BUILT_PRODUCTS_DIR; };
		102738241C7E358A0025E190 /* Drip.h */ = {isa = PBXFileReference; lastKnownFileType = sourcecode.c.h; path = Drip.h; sourceTree = "<group>"; };
		102738261C7E358A0025E190 /* Info.plist */ = {isa = PBXFileReference; lastKnownFileType = text.plist.xml; path = Info.plist; sourceTree = "<group>"; };
		1027382E1C7E35BF0025E190 /* FactoryType.swift */ = {isa = PBXFileReference; fileEncoding = 4; lastKnownFileType = sourcecode.swift; path = FactoryType.swift; sourceTree = "<group>"; };
		102738301C7E35BF0025E190 /* Key.swift */ = {isa = PBXFileReference; fileEncoding = 4; lastKnownFileType = sourcecode.swift; path = Key.swift; sourceTree = "<group>"; };
		102738311C7E35BF0025E190 /* ModuleType.swift */ = {isa = PBXFileReference; fileEncoding = 4; lastKnownFileType = sourcecode.swift; path = ModuleType.swift; sourceTree = "<group>"; };
		102738321C7E35BF0025E190 /* Single.swift */ = {isa = PBXFileReference; fileEncoding = 4; lastKnownFileType = sourcecode.swift; path = Single.swift; sourceTree = "<group>"; };
		102738331C7E35BF0025E190 /* Transient.swift */ = {isa = PBXFileReference; fileEncoding = 4; lastKnownFileType = sourcecode.swift; path = Transient.swift; sourceTree = "<group>"; };
		102E9D811C7F6EE700CD7C7E /* ComponentType.swift */ = {isa = PBXFileReference; fileEncoding = 4; lastKnownFileType = sourcecode.swift; path = ComponentType.swift; sourceTree = "<group>"; };
		102E9D8A1C7F8CEB00CD7C7E /* Registry.swift */ = {isa = PBXFileReference; fileEncoding = 4; lastKnownFileType = sourcecode.swift; path = Registry.swift; sourceTree = "<group>"; };
		1070760C1C7FA4960068069B /* Registrar.swift */ = {isa = PBXFileReference; fileEncoding = 4; lastKnownFileType = sourcecode.swift; path = Registrar.swift; sourceTree = "<group>"; };
		1070760E1C7FB5840068069B /* Component.swift */ = {isa = PBXFileReference; fileEncoding = 4; lastKnownFileType = sourcecode.swift; path = Component.swift; sourceTree = "<group>"; };
		107076101C7FB6D00068069B /* Module.swift */ = {isa = PBXFileReference; fileEncoding = 4; lastKnownFileType = sourcecode.swift; path = Module.swift; sourceTree = "<group>"; };
/* End PBXFileReference section */

/* Begin PBXFrameworksBuildPhase section */
		1027381D1C7E358A0025E190 /* Frameworks */ = {
			isa = PBXFrameworksBuildPhase;
			buildActionMask = 2147483647;
			files = (
			);
			runOnlyForDeploymentPostprocessing = 0;
		};
/* End PBXFrameworksBuildPhase section */

/* Begin PBXGroup section */
		102738171C7E358A0025E190 = {
			isa = PBXGroup;
			children = (
				102738231C7E358A0025E190 /* Drip */,
				102738221C7E358A0025E190 /* Products */,
			);
			sourceTree = "<group>";
		};
		102738221C7E358A0025E190 /* Products */ = {
			isa = PBXGroup;
			children = (
				102738211C7E358A0025E190 /* Drip.framework */,
			);
			name = Products;
			sourceTree = "<group>";
		};
		102738231C7E358A0025E190 /* Drip */ = {
			isa = PBXGroup;
			children = (
				102E9D811C7F6EE700CD7C7E /* ComponentType.swift */,
				1070760E1C7FB5840068069B /* Component.swift */,
				102738311C7E35BF0025E190 /* ModuleType.swift */,
				107076101C7FB6D00068069B /* Module.swift */,
				1070760C1C7FA4960068069B /* Registrar.swift */,
				102E9D761C7F6D1200CD7C7E /* Factories */,
				102E9D781C7F6D4000CD7C7E /* Support */,
				102738241C7E358A0025E190 /* Drip.h */,
				102738261C7E358A0025E190 /* Info.plist */,
			);
			path = Drip;
			sourceTree = "<group>";
		};
		102E9D761C7F6D1200CD7C7E /* Factories */ = {
			isa = PBXGroup;
			children = (
				1027382E1C7E35BF0025E190 /* FactoryType.swift */,
				102738321C7E35BF0025E190 /* Single.swift */,
				102738331C7E35BF0025E190 /* Transient.swift */,
			);
			path = Factories;
			sourceTree = "<group>";
		};
		102E9D781C7F6D4000CD7C7E /* Support */ = {
			isa = PBXGroup;
			children = (
				102738301C7E35BF0025E190 /* Key.swift */,
				102E9D8A1C7F8CEB00CD7C7E /* Registry.swift */,
			);
			path = Support;
			sourceTree = "<group>";
		};
/* End PBXGroup section */

/* Begin PBXHeadersBuildPhase section */
		1027381E1C7E358A0025E190 /* Headers */ = {
			isa = PBXHeadersBuildPhase;
			buildActionMask = 2147483647;
			files = (
				102738251C7E358A0025E190 /* Drip.h in Headers */,
			);
			runOnlyForDeploymentPostprocessing = 0;
		};
/* End PBXHeadersBuildPhase section */

/* Begin PBXNativeTarget section */
		102738201C7E358A0025E190 /* Drip */ = {
			isa = PBXNativeTarget;
			buildConfigurationList = 102738291C7E358A0025E190 /* Build configuration list for PBXNativeTarget "Drip" */;
			buildPhases = (
				1027381C1C7E358A0025E190 /* Sources */,
				1027381D1C7E358A0025E190 /* Frameworks */,
				1027381E1C7E358A0025E190 /* Headers */,
				1027381F1C7E358A0025E190 /* Resources */,
			);
			buildRules = (
			);
			dependencies = (
			);
			name = Drip;
			productName = Drip;
			productReference = 102738211C7E358A0025E190 /* Drip.framework */;
			productType = "com.apple.product-type.framework";
		};
/* End PBXNativeTarget section */

/* Begin PBXProject section */
		102738181C7E358A0025E190 /* Project object */ = {
			isa = PBXProject;
			attributes = {
				LastUpgradeCheck = 0720;
				ORGANIZATIONNAME = wizrad;
				TargetAttributes = {
					102738201C7E358A0025E190 = {
						CreatedOnToolsVersion = 7.2.1;
					};
				};
			};
			buildConfigurationList = 1027381B1C7E358A0025E190 /* Build configuration list for PBXProject "Drip" */;
			compatibilityVersion = "Xcode 3.2";
			developmentRegion = English;
			hasScannedForEncodings = 0;
			knownRegions = (
				en,
			);
			mainGroup = 102738171C7E358A0025E190;
			productRefGroup = 102738221C7E358A0025E190 /* Products */;
			projectDirPath = "";
			projectRoot = "";
			targets = (
				102738201C7E358A0025E190 /* Drip */,
			);
		};
/* End PBXProject section */

/* Begin PBXResourcesBuildPhase section */
		1027381F1C7E358A0025E190 /* Resources */ = {
			isa = PBXResourcesBuildPhase;
			buildActionMask = 2147483647;
			files = (
			);
			runOnlyForDeploymentPostprocessing = 0;
		};
/* End PBXResourcesBuildPhase section */

/* Begin PBXSourcesBuildPhase section */
		1027381C1C7E358A0025E190 /* Sources */ = {
			isa = PBXSourcesBuildPhase;
			buildActionMask = 2147483647;
			files = (
				102738381C7E35BF0025E190 /* Key.swift in Sources */,
				1070760F1C7FB5840068069B /* Component.swift in Sources */,
				102E9D821C7F6EE700CD7C7E /* ComponentType.swift in Sources */,
				107076111C7FB6D00068069B /* Module.swift in Sources */,
				102E9D8B1C7F8CEB00CD7C7E /* Registry.swift in Sources */,
				1027383B1C7E35BF0025E190 /* Transient.swift in Sources */,
				102738361C7E35BF0025E190 /* FactoryType.swift in Sources */,
				1070760D1C7FA4960068069B /* Registrar.swift in Sources */,
				1027383A1C7E35BF0025E190 /* Single.swift in Sources */,
				102738391C7E35BF0025E190 /* ModuleType.swift in Sources */,
			);
			runOnlyForDeploymentPostprocessing = 0;
		};
/* End PBXSourcesBuildPhase section */

/* Begin XCBuildConfiguration section */
		102738271C7E358A0025E190 /* Debug */ = {
			isa = XCBuildConfiguration;
			buildSettings = {
				ALWAYS_SEARCH_USER_PATHS = NO;
				CLANG_CXX_LANGUAGE_STANDARD = "gnu++0x";
				CLANG_CXX_LIBRARY = "libc++";
				CLANG_ENABLE_MODULES = YES;
				CLANG_ENABLE_OBJC_ARC = YES;
				CLANG_WARN_BOOL_CONVERSION = YES;
				CLANG_WARN_CONSTANT_CONVERSION = YES;
				CLANG_WARN_DIRECT_OBJC_ISA_USAGE = YES_ERROR;
				CLANG_WARN_EMPTY_BODY = YES;
				CLANG_WARN_ENUM_CONVERSION = YES;
				CLANG_WARN_INT_CONVERSION = YES;
				CLANG_WARN_OBJC_ROOT_CLASS = YES_ERROR;
				CLANG_WARN_UNREACHABLE_CODE = YES;
				CLANG_WARN__DUPLICATE_METHOD_MATCH = YES;
				CODE_SIGN_IDENTITY = "-";
				COPY_PHASE_STRIP = NO;
				CURRENT_PROJECT_VERSION = 1;
				DEBUG_INFORMATION_FORMAT = dwarf;
				ENABLE_STRICT_OBJC_MSGSEND = YES;
				ENABLE_TESTABILITY = YES;
				GCC_C_LANGUAGE_STANDARD = gnu99;
				GCC_DYNAMIC_NO_PIC = NO;
				GCC_NO_COMMON_BLOCKS = YES;
				GCC_OPTIMIZATION_LEVEL = 0;
				GCC_PREPROCESSOR_DEFINITIONS = (
					"DEBUG=1",
					"$(inherited)",
				);
				GCC_WARN_64_TO_32_BIT_CONVERSION = YES;
				GCC_WARN_ABOUT_RETURN_TYPE = YES_ERROR;
				GCC_WARN_UNDECLARED_SELECTOR = YES;
				GCC_WARN_UNINITIALIZED_AUTOS = YES_AGGRESSIVE;
				GCC_WARN_UNUSED_FUNCTION = YES;
				GCC_WARN_UNUSED_VARIABLE = YES;
				MACOSX_DEPLOYMENT_TARGET = 10.10;
				MTL_ENABLE_DEBUG_INFO = YES;
				ONLY_ACTIVE_ARCH = YES;
				SDKROOT = macosx;
				SUPPORTED_PLATFORMS = "iphonesimulator iphoneos macosx";
				SWIFT_OPTIMIZATION_LEVEL = "-Onone";
				VERSIONING_SYSTEM = "apple-generic";
				VERSION_INFO_PREFIX = "";
			};
			name = Debug;
		};
		102738281C7E358A0025E190 /* Release */ = {
			isa = XCBuildConfiguration;
			buildSettings = {
				ALWAYS_SEARCH_USER_PATHS = NO;
				CLANG_CXX_LANGUAGE_STANDARD = "gnu++0x";
				CLANG_CXX_LIBRARY = "libc++";
				CLANG_ENABLE_MODULES = YES;
				CLANG_ENABLE_OBJC_ARC = YES;
				CLANG_WARN_BOOL_CONVERSION = YES;
				CLANG_WARN_CONSTANT_CONVERSION = YES;
				CLANG_WARN_DIRECT_OBJC_ISA_USAGE = YES_ERROR;
				CLANG_WARN_EMPTY_BODY = YES;
				CLANG_WARN_ENUM_CONVERSION = YES;
				CLANG_WARN_INT_CONVERSION = YES;
				CLANG_WARN_OBJC_ROOT_CLASS = YES_ERROR;
				CLANG_WARN_UNREACHABLE_CODE = YES;
				CLANG_WARN__DUPLICATE_METHOD_MATCH = YES;
				CODE_SIGN_IDENTITY = "-";
				COPY_PHASE_STRIP = NO;
				CURRENT_PROJECT_VERSION = 1;
				DEBUG_INFORMATION_FORMAT = "dwarf-with-dsym";
				ENABLE_NS_ASSERTIONS = NO;
				ENABLE_STRICT_OBJC_MSGSEND = YES;
				GCC_C_LANGUAGE_STANDARD = gnu99;
				GCC_NO_COMMON_BLOCKS = YES;
				GCC_WARN_64_TO_32_BIT_CONVERSION = YES;
				GCC_WARN_ABOUT_RETURN_TYPE = YES_ERROR;
				GCC_WARN_UNDECLARED_SELECTOR = YES;
				GCC_WARN_UNINITIALIZED_AUTOS = YES_AGGRESSIVE;
				GCC_WARN_UNUSED_FUNCTION = YES;
				GCC_WARN_UNUSED_VARIABLE = YES;
				MACOSX_DEPLOYMENT_TARGET = 10.10;
				MTL_ENABLE_DEBUG_INFO = NO;
				SDKROOT = macosx;
				SUPPORTED_PLATFORMS = "iphonesimulator iphoneos macosx";
				VERSIONING_SYSTEM = "apple-generic";
				VERSION_INFO_PREFIX = "";
			};
			name = Release;
		};
		1027382A1C7E358A0025E190 /* Debug */ = {
			isa = XCBuildConfiguration;
			buildSettings = {
				CLANG_ENABLE_MODULES = YES;
				COMBINE_HIDPI_IMAGES = YES;
				DEFINES_MODULE = YES;
				DYLIB_COMPATIBILITY_VERSION = 1;
				DYLIB_CURRENT_VERSION = 1;
				DYLIB_INSTALL_NAME_BASE = "@rpath";
				FRAMEWORK_VERSION = A;
				INFOPLIST_FILE = Drip/Info.plist;
				INSTALL_PATH = "$(LOCAL_LIBRARY_DIR)/Frameworks";
				LD_RUNPATH_SEARCH_PATHS = "$(inherited) @executable_path/../Frameworks @loader_path/Frameworks";
				PRODUCT_BUNDLE_IDENTIFIER = dev.wizrad.Drip;
				PRODUCT_NAME = "$(TARGET_NAME)";
				SKIP_INSTALL = YES;
				SWIFT_OPTIMIZATION_LEVEL = "-Onone";
			};
			name = Debug;
		};
		1027382B1C7E358A0025E190 /* Release */ = {
			isa = XCBuildConfiguration;
			buildSettings = {
				CLANG_ENABLE_MODULES = YES;
				COMBINE_HIDPI_IMAGES = YES;
				DEFINES_MODULE = YES;
				DYLIB_COMPATIBILITY_VERSION = 1;
				DYLIB_CURRENT_VERSION = 1;
				DYLIB_INSTALL_NAME_BASE = "@rpath";
				FRAMEWORK_VERSION = A;
				INFOPLIST_FILE = Drip/Info.plist;
				INSTALL_PATH = "$(LOCAL_LIBRARY_DIR)/Frameworks";
				LD_RUNPATH_SEARCH_PATHS = "$(inherited) @executable_path/../Frameworks @loader_path/Frameworks";
				PRODUCT_BUNDLE_IDENTIFIER = dev.wizrad.Drip;
				PRODUCT_NAME = "$(TARGET_NAME)";
				SKIP_INSTALL = YES;
			};
			name = Release;
		};
/* End XCBuildConfiguration section */

/* Begin XCConfigurationList section */
		1027381B1C7E358A0025E190 /* Build configuration list for PBXProject "Drip" */ = {
			isa = XCConfigurationList;
			buildConfigurations = (
				102738271C7E358A0025E190 /* Debug */,
				102738281C7E358A0025E190 /* Release */,
			);
			defaultConfigurationIsVisible = 0;
			defaultConfigurationName = Release;
		};
		102738291C7E358A0025E190 /* Build configuration list for PBXNativeTarget "Drip" */ = {
			isa = XCConfigurationList;
			buildConfigurations = (
				1027382A1C7E358A0025E190 /* Debug */,
				1027382B1C7E358A0025E190 /* Release */,
			);
			defaultConfigurationIsVisible = 0;
			defaultConfigurationName = Release;
		};
/* End XCConfigurationList section */
	};
	rootObject = 102738181C7E358A0025E190 /* Project object */;
}
